PODS:
  - AspenVoice (1.0.0):
    - Capacitor
  - Capacitor (6.2.1):
    - CapacitorCordova
  - CapacitorApp (6.0.3):
    - Capacitor
  - CapacitorCommunitySpeechRecognition (6.0.1):
    - Capacitor
  - CapacitorCommunityTextToSpeech (5.1.0):
    - Capacitor
  - CapacitorCordova (6.2.1)
  - CapacitorHaptics (6.0.3):
    - Capacitor
  - CapacitorKeyboard (6.0.4):
    - Capacitor
  - CapacitorSplashScreen (6.0.4):
    - Capacitor
  - CapacitorStatusBar (6.0.3):
    - Capacitor

DEPENDENCIES:
  - AspenVoice (from `../../aspen-voice`)
  - "Capacitor (from `../../node_modules/@capacitor/ios`)"
  - "CapacitorApp (from `../../node_modules/@capacitor/app`)"
  - "CapacitorCommunitySpeechRecognition (from `../../node_modules/@capacitor-community/speech-recognition`)"
  - "CapacitorCommunityTextToSpeech (from `../../node_modules/@capacitor-community/text-to-speech`)"
  - "CapacitorCordova (from `../../node_modules/@capacitor/ios`)"
  - "CapacitorHaptics (from `../../node_modules/@capacitor/haptics`)"
  - "CapacitorKeyboard (from `../../node_modules/@capacitor/keyboard`)"
  - "CapacitorSplashScreen (from `../../node_modules/@capacitor/splash-screen`)"
  - "CapacitorStatusBar (from `../../node_modules/@capacitor/status-bar`)"

EXTERNAL SOURCES:
  AspenVoice:
    :path: "../../aspen-voice"
  Capacitor:
    :path: "../../node_modules/@capacitor/ios"
  CapacitorApp:
    :path: "../../node_modules/@capacitor/app"
  CapacitorCommunitySpeechRecognition:
    :path: "../../node_modules/@capacitor-community/speech-recognition"
  CapacitorCommunityTextToSpeech:
    :path: "../../node_modules/@capacitor-community/text-to-speech"
  CapacitorCordova:
    :path: "../../node_modules/@capacitor/ios"
  CapacitorHaptics:
    :path: "../../node_modules/@capacitor/haptics"
  CapacitorKeyboard:
    :path: "../../node_modules/@capacitor/keyboard"
  CapacitorSplashScreen:
    :path: "../../node_modules/@capacitor/splash-screen"
  CapacitorStatusBar:
    :path: "../../node_modules/@capacitor/status-bar"

SPEC CHECKSUMS:
  AspenVoice: 34b2e2e44223ad3e17cdbfaf180b6d94fe108ed0
  Capacitor: c95400d761e376be9da6be5a05f226c0e865cebf
  CapacitorApp: a19ccb4f5f32d2534be5c6f524d5a9b614a1e8a7
  CapacitorCommunitySpeechRecognition: 73be1a178a23856d9706886d5f40ef06a6055438
  CapacitorCommunityTextToSpeech: ed295743e9163fd4f8370a48ab4ae144fc7127c3
  CapacitorCordova: 8d93e14982f440181be7304aa9559ca631d77fff
  CapacitorHaptics: 40f83026feeee9cfe36e89e9c98a3baaaf20c450
  CapacitorKeyboard: e8cd50fd5cbdd023a5947a5c0f5cca6e5aa5a253
  CapacitorSplashScreen: ef140a8b1ea7244e0c245ce2dd4ce5251e7ab86a
  CapacitorStatusBar: 149cde8f1328ec3aa6cbdd872a55137ae3f98b16

PODFILE CHECKSUM: e0247d633d5fcdec19bb44c591d70bc48f7f3f32

COCOAPODS: 1.16.2
